
Microsoft Visual Studio Solution File, Format Version 12.00
# Visual Studio Version 16
VisualStudioVersion = 16.0.31702.278
MinimumVisualStudioVersion = 10.0.40219.1
Project("{FAE04EC0-301F-11D3-BF4B-00C04F79EFBC}") = "Lasec", "Lasec\Lasec.csproj", "{A0A3536B-43C6-465D-82CE-98BE77E74702}"
EndProject
Global
	GlobalSection(SolutionConfigurationPlatforms) = preSolution
		Debug|Any CPU = Debug|Any CPU
		Release|Any CPU = Release|Any CPU
	EndGlobalSection
	GlobalSection(ProjectConfigurationPlatforms) = postSolution
		{A0A3536B-43C6-465D-82CE-98BE77E74702}.Debug|Any CPU.ActiveCfg = Debug|Any CPU
		{A0A3536B-43C6-465D-82CE-98BE77E74702}.Debug|Any CPU.Build.0 = Debug|Any CPU
		{A0A3536B-43C6-465D-82CE-98BE77E74702}.Release|Any CPU.ActiveCfg = Release|Any CPU
		{A0A3536B-43C6-465D-82CE-98BE77E74702}.Release|Any CPU.Build.0 = Release|Any CPU
	EndGlobalSection
	GlobalSection(SolutionProperties) = preSolution
		HideSolutionNode = FALSE
	EndGlobalSection
	GlobalSection(ExtensibilityGlobals) = postSolution
		SolutionGuid = {32A41526-642B-43DA-852C-DF5E3D64FBAB}
	EndGlobalSection
EndGlobal
